
Microsoft Visual Studio Solution File, Format Version 12.00
# Visual Studio Version 17
VisualStudioVersion = 17.9.34728.123
MinimumVisualStudioVersion = 10.0.40219.1
Project("{FAE04EC0-301F-11D3-BF4B-00C04F79EFBC}") = "DevIO.App", "src\DevIO.App\DevIO.App.csproj", "{AE0F17A8-AF3B-49AC-BB3E-BAE9EBE1E8A7}"
EndProject
Project("{FAE04EC0-301F-11D3-BF4B-00C04F79EFBC}") = "DevIO.Business", "src\DevIO.Business\DevIO.Business.csproj", "{0FEDB0FF-EE64-4754-8C50-47B1134B2ADD}"
EndProject
Project("{FAE04EC0-301F-11D3-BF4B-00C04F79EFBC}") = "DevIO.Data", "src\DevIO.Data\DevIO.Data.csproj", "{D05C9D2C-77BE-4013-8798-71D393C4A720}"
EndProject
Global
	GlobalSection(SolutionConfigurationPlatforms) = preSolution
		Debug|Any CPU = Debug|Any CPU
		Release|Any CPU = Release|Any CPU
	EndGlobalSection
	GlobalSection(ProjectConfigurationPlatforms) = postSolution
		{AE0F17A8-AF3B-49AC-BB3E-BAE9EBE1E8A7}.Debug|Any CPU.ActiveCfg = Debug|Any CPU
		{AE0F17A8-AF3B-49AC-BB3E-BAE9EBE1E8A7}.Debug|Any CPU.Build.0 = Debug|Any CPU
		{AE0F17A8-AF3B-49AC-BB3E-BAE9EBE1E8A7}.Release|Any CPU.ActiveCfg = Release|Any CPU
		{AE0F17A8-AF3B-49AC-BB3E-BAE9EBE1E8A7}.Release|Any CPU.Build.0 = Release|Any CPU
		{0FEDB0FF-EE64-4754-8C50-47B1134B2ADD}.Debug|Any CPU.ActiveCfg = Debug|Any CPU
		{0FEDB0FF-EE64-4754-8C50-47B1134B2ADD}.Debug|Any CPU.Build.0 = Debug|Any CPU
		{0FEDB0FF-EE64-4754-8C50-47B1134B2ADD}.Release|Any CPU.ActiveCfg = Release|Any CPU
		{0FEDB0FF-EE64-4754-8C50-47B1134B2ADD}.Release|Any CPU.Build.0 = Release|Any CPU
		{D05C9D2C-77BE-4013-8798-71D393C4A720}.Debug|Any CPU.ActiveCfg = Debug|Any CPU
		{D05C9D2C-77BE-4013-8798-71D393C4A720}.Debug|Any CPU.Build.0 = Debug|Any CPU
		{D05C9D2C-77BE-4013-8798-71D393C4A720}.Release|Any CPU.ActiveCfg = Release|Any CPU
		{D05C9D2C-77BE-4013-8798-71D393C4A720}.Release|Any CPU.Build.0 = Release|Any CPU
	EndGlobalSection
	GlobalSection(SolutionProperties) = preSolution
		HideSolutionNode = FALSE
	EndGlobalSection
	GlobalSection(ExtensibilityGlobals) = postSolution
		SolutionGuid = {954A934B-3A54-4F99-8BE9-91CCBA806FBA}
	EndGlobalSection
EndGlobal
